
Microsoft Visual Studio Solution File, Format Version 12.00
# Visual Studio Version 17
VisualStudioVersion = 17.6.33723.286
MinimumVisualStudioVersion = 10.0.40219.1
Project("{9A19103F-16F7-4668-BE54-9A1E7A4F7556}") = "BAWebLab2", "BAWebLab2\BAWebLab2.csproj", "{095F84AE-BC48-44BF-BE00-B31D07772CEE}"
EndProject
Project("{9A19103F-16F7-4668-BE54-9A1E7A4F7556}") = "BAWebLab2.BLL", "BAWebLab2.BLL\BAWebLab2.BLL.csproj", "{1AB5B6C3-9AC6-4B36-B469-8D7A66D72585}"
EndProject
Project("{9A19103F-16F7-4668-BE54-9A1E7A4F7556}") = "BAWebLab2.DAL", "BAWebLab2.DAL\BAWebLab2.DAL.csproj", "{5C9F34ED-9B5A-4E88-8749-E6FB493F5B69}"
EndProject
Project("{FAE04EC0-301F-11D3-BF4B-00C04F79EFBC}") = "BAWebLab2.DTO", "BAWebLab2.DTO\BAWebLab2.DTO.csproj", "{E908ED08-709D-4D54-B0E3-13A1E4A404F9}"
EndProject
Global
	GlobalSection(SolutionConfigurationPlatforms) = preSolution
		Debug|Any CPU = Debug|Any CPU
		Release|Any CPU = Release|Any CPU
	EndGlobalSection
	GlobalSection(ProjectConfigurationPlatforms) = postSolution
		{095F84AE-BC48-44BF-BE00-B31D07772CEE}.Debug|Any CPU.ActiveCfg = Debug|Any CPU
		{095F84AE-BC48-44BF-BE00-B31D07772CEE}.Debug|Any CPU.Build.0 = Debug|Any CPU
		{095F84AE-BC48-44BF-BE00-B31D07772CEE}.Release|Any CPU.ActiveCfg = Release|Any CPU
		{095F84AE-BC48-44BF-BE00-B31D07772CEE}.Release|Any CPU.Build.0 = Release|Any CPU
		{1AB5B6C3-9AC6-4B36-B469-8D7A66D72585}.Debug|Any CPU.ActiveCfg = Debug|Any CPU
		{1AB5B6C3-9AC6-4B36-B469-8D7A66D72585}.Debug|Any CPU.Build.0 = Debug|Any CPU
		{1AB5B6C3-9AC6-4B36-B469-8D7A66D72585}.Release|Any CPU.ActiveCfg = Release|Any CPU
		{1AB5B6C3-9AC6-4B36-B469-8D7A66D72585}.Release|Any CPU.Build.0 = Release|Any CPU
		{5C9F34ED-9B5A-4E88-8749-E6FB493F5B69}.Debug|Any CPU.ActiveCfg = Debug|Any CPU
		{5C9F34ED-9B5A-4E88-8749-E6FB493F5B69}.Debug|Any CPU.Build.0 = Debug|Any CPU
		{5C9F34ED-9B5A-4E88-8749-E6FB493F5B69}.Release|Any CPU.ActiveCfg = Release|Any CPU
		{5C9F34ED-9B5A-4E88-8749-E6FB493F5B69}.Release|Any CPU.Build.0 = Release|Any CPU
		{E908ED08-709D-4D54-B0E3-13A1E4A404F9}.Debug|Any CPU.ActiveCfg = Debug|Any CPU
		{E908ED08-709D-4D54-B0E3-13A1E4A404F9}.Debug|Any CPU.Build.0 = Debug|Any CPU
		{E908ED08-709D-4D54-B0E3-13A1E4A404F9}.Release|Any CPU.ActiveCfg = Release|Any CPU
		{E908ED08-709D-4D54-B0E3-13A1E4A404F9}.Release|Any CPU.Build.0 = Release|Any CPU
	EndGlobalSection
	GlobalSection(SolutionProperties) = preSolution
		HideSolutionNode = FALSE
	EndGlobalSection
	GlobalSection(ExtensibilityGlobals) = postSolution
		SolutionGuid = {8B050761-F298-416A-BB4F-259D85F07E6E}
	EndGlobalSection
EndGlobal
